
Microsoft Visual Studio Solution File, Format Version 12.00
# Visual Studio Version 17
VisualStudioVersion = 17.4.33213.308
MinimumVisualStudioVersion = 10.0.40219.1
Project("{FAE04EC0-301F-11D3-BF4B-00C04F79EFBC}") = "MVC_Ass1", "MVC_Ass1\MVC_Ass1.csproj", "{43C767B0-09A0-4F18-B352-7D65A4619836}"
EndProject
Global
	GlobalSection(SolutionConfigurationPlatforms) = preSolution
		Debug|Any CPU = Debug|Any CPU
		Release|Any CPU = Release|Any CPU
	EndGlobalSection
	GlobalSection(ProjectConfigurationPlatforms) = postSolution
		{43C767B0-09A0-4F18-B352-7D65A4619836}.Debug|Any CPU.ActiveCfg = Debug|Any CPU
		{43C767B0-09A0-4F18-B352-7D65A4619836}.Debug|Any CPU.Build.0 = Debug|Any CPU
		{43C767B0-09A0-4F18-B352-7D65A4619836}.Release|Any CPU.ActiveCfg = Release|Any CPU
		{43C767B0-09A0-4F18-B352-7D65A4619836}.Release|Any CPU.Build.0 = Release|Any CPU
	EndGlobalSection
	GlobalSection(SolutionProperties) = preSolution
		HideSolutionNode = FALSE
	EndGlobalSection
	GlobalSection(ExtensibilityGlobals) = postSolution
		SolutionGuid = {E63C50D7-6612-4172-A409-DF32402AD1D9}
	EndGlobalSection
EndGlobal
